
Microsoft Visual Studio Solution File, Format Version 12.00
# Visual Studio 2013
VisualStudioVersion = 12.0.40629.0
MinimumVisualStudioVersion = 10.0.40219.1
Project("{FAE04EC0-301F-11D3-BF4B-00C04F79EFBC}") = "DotNetUtility", "Projects\Egs\DotNetUtility\DotNetUtility.csproj", "{AB64C23F-56E6-43C4-8671-10E372264BFE}"
EndProject
Project("{2150E333-8FDC-42A3-9474-1A3956D46DE8}") = "Projects", "Projects", "{9275081B-8C6E-43D0-B8B1-559E1E7AD26E}"
EndProject
Project("{2150E333-8FDC-42A3-9474-1A3956D46DE8}") = "Egs", "Egs", "{01EA5DF0-122F-4131-86EC-8320D7400F09}"
EndProject
Project("{2150E333-8FDC-42A3-9474-1A3956D46DE8}") = "EgsSDK", "EgsSDK", "{916BCC5C-4074-4485-83C0-61658E8F9C9D}"
EndProject
Project("{2150E333-8FDC-42A3-9474-1A3956D46DE8}") = "EgsSDK-0.9", "EgsSDK-0.9", "{DA86DB6A-C23A-43CF-87FC-66BD2F409C85}"
EndProject
Project("{2150E333-8FDC-42A3-9474-1A3956D46DE8}") = "Examples", "Examples", "{FFD1CAEA-333A-48D9-9727-CA8245278084}"
EndProject
Project("{2150E333-8FDC-42A3-9474-1A3956D46DE8}") = "Lib", "Lib", "{78802BF6-D4D6-4359-9628-1D0A732B2AB9}"
EndProject
Project("{FAE04EC0-301F-11D3-BF4B-00C04F79EFBC}") = "EgsHostAppExtensions", "Projects\EgsSDK\EgsSDK-0.9\Lib\EgsHostAppExtensions.csproj", "{8C2977C3-247E-4BAC-9420-0196B5541BA2}"
EndProject
Project("{FAE04EC0-301F-11D3-BF4B-00C04F79EFBC}") = "WindowsFormsApplication1", "Projects\EgsSDK\EgsSDK-0.9\Examples\WindowsFormsApplication1\WindowsFormsApplication1.csproj", "{4734D114-2465-4145-8A6A-D9B3EDBD1B0A}"
EndProject
Project("{FAE04EC0-301F-11D3-BF4B-00C04F79EFBC}") = "WpfApplication1", "Projects\EgsSDK\EgsSDK-0.9\Examples\WpfApplication1\WpfApplication1.csproj", "{9C82D8A6-C1C5-4114-AA4B-B89E4EFA07B9}"
EndProject
Project("{FAE04EC0-301F-11D3-BF4B-00C04F79EFBC}") = "WpfApplication2", "Projects\EgsSDK\EgsSDK-0.9\Examples\WpfApplication2\WpfApplication2.csproj", "{5E56F695-9CDE-4291-858E-1DD17F687E6E}"
EndProject
Project("{FAE04EC0-301F-11D3-BF4B-00C04F79EFBC}") = "ZkooHostAppWithoutTutorial", "Projects\EgsSDK\EgsSDK-0.9\Examples\ZkooHostAppWithoutTutorial\ZkooHostAppWithoutTutorial.csproj", "{9479962F-A413-44F9-94CA-650721BC8398}"
EndProject
Project("{FAE04EC0-301F-11D3-BF4B-00C04F79EFBC}") = "DotNetWpfUtility", "Projects\Egs\DotNetWpfUtility\DotNetWpfUtility.csproj", "{D681B1C3-F327-4726-A89A-71D9AC647E14}"
EndProject
Project("{FAE04EC0-301F-11D3-BF4B-00C04F79EFBC}") = "EgsSourceCodeGeneration", "Projects\Egs\EgsSourceCodeGeneration\EgsSourceCodeGeneration.csproj", "{DE509D1F-1D53-4368-992D-F42AE64177BC}"
EndProject
Project("{FAE04EC0-301F-11D3-BF4B-00C04F79EFBC}") = "EgsDeviceControlCore", "Projects\Egs\EgsDeviceControlCore\EgsDeviceControlCore.csproj", "{48E1B19E-4922-42F6-A98C-A3F6F66D6704}"
	ProjectSection(ProjectDependencies) = postProject
		{DE509D1F-1D53-4368-992D-F42AE64177BC} = {DE509D1F-1D53-4368-992D-F42AE64177BC}
	EndProjectSection
EndProject
Project("{FAE04EC0-301F-11D3-BF4B-00C04F79EFBC}") = "EgsHostAppCore", "Projects\Egs\EgsHostAppCore\EgsHostAppCore.csproj", "{3F7957A4-E5D4-401D-9D9E-77300E0D428B}"
EndProject
Project("{FAE04EC0-301F-11D3-BF4B-00C04F79EFBC}") = "ZkooTutorial", "Projects\Egs\ZkooTutorial\ZkooTutorial.csproj", "{214A9212-DB6E-4AB6-9B3E-FFB79B1E9371}"
EndProject
Project("{FAE04EC0-301F-11D3-BF4B-00C04F79EFBC}") = "ZkooHostApp", "Projects\Egs\ZkooHostApp\ZkooHostApp.csproj", "{7570A9FD-A34C-41B9-B3ED-B53A054D9D7C}"
EndProject
Project("{2150E333-8FDC-42A3-9474-1A3956D46DE8}") = ".nuget", ".nuget", "{D8D5F4E5-98A4-452C-B712-9B4101204588}"
	ProjectSection(SolutionItems) = preProject
		.nuget\NuGet.Config = .nuget\NuGet.Config
		.nuget\NuGet.exe = .nuget\NuGet.exe
		.nuget\NuGet.targets = .nuget\NuGet.targets
	EndProjectSection
EndProject
Project("{FAE04EC0-301F-11D3-BF4B-00C04F79EFBC}") = "ConsoleApplication1", "Projects\EgsSDK\EgsSDK-0.9\Examples\ConsoleApplication1\ConsoleApplication1.csproj", "{22FE8061-B3EC-4519-90BB-822162EBC251}"
EndProject
Project("{FAE04EC0-301F-11D3-BF4B-00C04F79EFBC}") = "EgsDeviceControlCoreForConsoleApp", "Projects\Egs\EgsDeviceControlCoreForConsoleApp\EgsDeviceControlCoreForConsoleApp.csproj", "{27912159-98C9-4496-9F91-04295045BB01}"
EndProject
Project("{FAE04EC0-301F-11D3-BF4B-00C04F79EFBC}") = "FixedHandDetectionAreasExample01", "Projects\EgsSDK\EgsSDK-0.9\Examples\FixedHandDetectionAreasExample01\FixedHandDetectionAreasExample01.csproj", "{ADC01950-48A3-4AB6-BF36-117CD524D539}"
EndProject
Project("{2150E333-8FDC-42A3-9474-1A3956D46DE8}") = "FaceDetectionByDlibForWindows", "FaceDetectionByDlibForWindows", "{95B381A6-9071-4954-AF56-EFF33D702A23}"
EndProject
Project("{2150E333-8FDC-42A3-9474-1A3956D46DE8}") = "Projects", "Projects", "{1F628372-AF93-4B3C-8E5A-9FB04F1CBF2F}"
EndProject
Project("{FAE04EC0-301F-11D3-BF4B-00C04F79EFBC}") = "DlibSharp", "..\FaceDetectionByDlibForWindows\Projects\DlibSharp\DlibSharp.csproj", "{BF03D6A2-F237-4CBA-B64C-A05B1939F99D}"
EndProject
Global
	GlobalSection(SolutionConfigurationPlatforms) = preSolution
		Debug|Any CPU = Debug|Any CPU
		Release|Any CPU = Release|Any CPU
	EndGlobalSection
	GlobalSection(ProjectConfigurationPlatforms) = postSolution
		{AB64C23F-56E6-43C4-8671-10E372264BFE}.Debug|Any CPU.ActiveCfg = Debug|Any CPU
		{AB64C23F-56E6-43C4-8671-10E372264BFE}.Debug|Any CPU.Build.0 = Debug|Any CPU
		{AB64C23F-56E6-43C4-8671-10E372264BFE}.Release|Any CPU.ActiveCfg = Release|Any CPU
		{AB64C23F-56E6-43C4-8671-10E372264BFE}.Release|Any CPU.Build.0 = Release|Any CPU
		{8C2977C3-247E-4BAC-9420-0196B5541BA2}.Debug|Any CPU.ActiveCfg = Debug|Any CPU
		{8C2977C3-247E-4BAC-9420-0196B5541BA2}.Debug|Any CPU.Build.0 = Debug|Any CPU
		{8C2977C3-247E-4BAC-9420-0196B5541BA2}.Release|Any CPU.ActiveCfg = Release|Any CPU
		{8C2977C3-247E-4BAC-9420-0196B5541BA2}.Release|Any CPU.Build.0 = Release|Any CPU
		{4734D114-2465-4145-8A6A-D9B3EDBD1B0A}.Debug|Any CPU.ActiveCfg = Debug|Any CPU
		{4734D114-2465-4145-8A6A-D9B3EDBD1B0A}.Debug|Any CPU.Build.0 = Debug|Any CPU
		{4734D114-2465-4145-8A6A-D9B3EDBD1B0A}.Release|Any CPU.ActiveCfg = Release|Any CPU
		{4734D114-2465-4145-8A6A-D9B3EDBD1B0A}.Release|Any CPU.Build.0 = Release|Any CPU
		{9C82D8A6-C1C5-4114-AA4B-B89E4EFA07B9}.Debug|Any CPU.ActiveCfg = Debug|Any CPU
		{9C82D8A6-C1C5-4114-AA4B-B89E4EFA07B9}.Debug|Any CPU.Build.0 = Debug|Any CPU
		{9C82D8A6-C1C5-4114-AA4B-B89E4EFA07B9}.Release|Any CPU.ActiveCfg = Release|Any CPU
		{9C82D8A6-C1C5-4114-AA4B-B89E4EFA07B9}.Release|Any CPU.Build.0 = Release|Any CPU
		{5E56F695-9CDE-4291-858E-1DD17F687E6E}.Debug|Any CPU.ActiveCfg = Debug|Any CPU
		{5E56F695-9CDE-4291-858E-1DD17F687E6E}.Debug|Any CPU.Build.0 = Debug|Any CPU
		{5E56F695-9CDE-4291-858E-1DD17F687E6E}.Release|Any CPU.ActiveCfg = Release|Any CPU
		{5E56F695-9CDE-4291-858E-1DD17F687E6E}.Release|Any CPU.Build.0 = Release|Any CPU
		{9479962F-A413-44F9-94CA-650721BC8398}.Debug|Any CPU.ActiveCfg = Debug|Any CPU
		{9479962F-A413-44F9-94CA-650721BC8398}.Debug|Any CPU.Build.0 = Debug|Any CPU
		{9479962F-A413-44F9-94CA-650721BC8398}.Release|Any CPU.ActiveCfg = Release|Any CPU
		{9479962F-A413-44F9-94CA-650721BC8398}.Release|Any CPU.Build.0 = Release|Any CPU
		{D681B1C3-F327-4726-A89A-71D9AC647E14}.Debug|Any CPU.ActiveCfg = Debug|Any CPU
		{D681B1C3-F327-4726-A89A-71D9AC647E14}.Debug|Any CPU.Build.0 = Debug|Any CPU
		{D681B1C3-F327-4726-A89A-71D9AC647E14}.Release|Any CPU.ActiveCfg = Release|Any CPU
		{D681B1C3-F327-4726-A89A-71D9AC647E14}.Release|Any CPU.Build.0 = Release|Any CPU
		{DE509D1F-1D53-4368-992D-F42AE64177BC}.Debug|Any CPU.ActiveCfg = Debug|Any CPU
		{DE509D1F-1D53-4368-992D-F42AE64177BC}.Debug|Any CPU.Build.0 = Debug|Any CPU
		{DE509D1F-1D53-4368-992D-F42AE64177BC}.Release|Any CPU.ActiveCfg = Release|Any CPU
		{DE509D1F-1D53-4368-992D-F42AE64177BC}.Release|Any CPU.Build.0 = Release|Any CPU
		{48E1B19E-4922-42F6-A98C-A3F6F66D6704}.Debug|Any CPU.ActiveCfg = Debug|Any CPU
		{48E1B19E-4922-42F6-A98C-A3F6F66D6704}.Debug|Any CPU.Build.0 = Debug|Any CPU
		{48E1B19E-4922-42F6-A98C-A3F6F66D6704}.Release|Any CPU.ActiveCfg = Release|Any CPU
		{48E1B19E-4922-42F6-A98C-A3F6F66D6704}.Release|Any CPU.Build.0 = Release|Any CPU
		{3F7957A4-E5D4-401D-9D9E-77300E0D428B}.Debug|Any CPU.ActiveCfg = Debug|Any CPU
		{3F7957A4-E5D4-401D-9D9E-77300E0D428B}.Debug|Any CPU.Build.0 = Debug|Any CPU
		{3F7957A4-E5D4-401D-9D9E-77300E0D428B}.Release|Any CPU.ActiveCfg = Release|Any CPU
		{3F7957A4-E5D4-401D-9D9E-77300E0D428B}.Release|Any CPU.Build.0 = Release|Any CPU
		{214A9212-DB6E-4AB6-9B3E-FFB79B1E9371}.Debug|Any CPU.ActiveCfg = Debug|Any CPU
		{214A9212-DB6E-4AB6-9B3E-FFB79B1E9371}.Debug|Any CPU.Build.0 = Debug|Any CPU
		{214A9212-DB6E-4AB6-9B3E-FFB79B1E9371}.Release|Any CPU.ActiveCfg = Release|Any CPU
		{214A9212-DB6E-4AB6-9B3E-FFB79B1E9371}.Release|Any CPU.Build.0 = Release|Any CPU
		{7570A9FD-A34C-41B9-B3ED-B53A054D9D7C}.Debug|Any CPU.ActiveCfg = Debug|Any CPU
		{7570A9FD-A34C-41B9-B3ED-B53A054D9D7C}.Debug|Any CPU.Build.0 = Debug|Any CPU
		{7570A9FD-A34C-41B9-B3ED-B53A054D9D7C}.Release|Any CPU.ActiveCfg = Release|Any CPU
		{7570A9FD-A34C-41B9-B3ED-B53A054D9D7C}.Release|Any CPU.Build.0 = Release|Any CPU
		{22FE8061-B3EC-4519-90BB-822162EBC251}.Debug|Any CPU.ActiveCfg = Debug|Any CPU
		{22FE8061-B3EC-4519-90BB-822162EBC251}.Debug|Any CPU.Build.0 = Debug|Any CPU
		{22FE8061-B3EC-4519-90BB-822162EBC251}.Release|Any CPU.ActiveCfg = Release|Any CPU
		{22FE8061-B3EC-4519-90BB-822162EBC251}.Release|Any CPU.Build.0 = Release|Any CPU
		{27912159-98C9-4496-9F91-04295045BB01}.Debug|Any CPU.ActiveCfg = Debug|Any CPU
		{27912159-98C9-4496-9F91-04295045BB01}.Debug|Any CPU.Build.0 = Debug|Any CPU
		{27912159-98C9-4496-9F91-04295045BB01}.Release|Any CPU.ActiveCfg = Release|Any CPU
		{27912159-98C9-4496-9F91-04295045BB01}.Release|Any CPU.Build.0 = Release|Any CPU
		{ADC01950-48A3-4AB6-BF36-117CD524D539}.Debug|Any CPU.ActiveCfg = Debug|Any CPU
		{ADC01950-48A3-4AB6-BF36-117CD524D539}.Debug|Any CPU.Build.0 = Debug|Any CPU
		{ADC01950-48A3-4AB6-BF36-117CD524D539}.Release|Any CPU.ActiveCfg = Release|Any CPU
		{ADC01950-48A3-4AB6-BF36-117CD524D539}.Release|Any CPU.Build.0 = Release|Any CPU
		{BF03D6A2-F237-4CBA-B64C-A05B1939F99D}.Debug|Any CPU.ActiveCfg = Debug|Any CPU
		{BF03D6A2-F237-4CBA-B64C-A05B1939F99D}.Debug|Any CPU.Build.0 = Debug|Any CPU
		{BF03D6A2-F237-4CBA-B64C-A05B1939F99D}.Release|Any CPU.ActiveCfg = Release|Any CPU
		{BF03D6A2-F237-4CBA-B64C-A05B1939F99D}.Release|Any CPU.Build.0 = Release|Any CPU
	EndGlobalSection
	GlobalSection(SolutionProperties) = preSolution
		HideSolutionNode = FALSE
	EndGlobalSection
	GlobalSection(NestedProjects) = preSolution
		{AB64C23F-56E6-43C4-8671-10E372264BFE} = {01EA5DF0-122F-4131-86EC-8320D7400F09}
		{01EA5DF0-122F-4131-86EC-8320D7400F09} = {9275081B-8C6E-43D0-B8B1-559E1E7AD26E}
		{916BCC5C-4074-4485-83C0-61658E8F9C9D} = {9275081B-8C6E-43D0-B8B1-559E1E7AD26E}
		{DA86DB6A-C23A-43CF-87FC-66BD2F409C85} = {916BCC5C-4074-4485-83C0-61658E8F9C9D}
		{FFD1CAEA-333A-48D9-9727-CA8245278084} = {DA86DB6A-C23A-43CF-87FC-66BD2F409C85}
		{78802BF6-D4D6-4359-9628-1D0A732B2AB9} = {DA86DB6A-C23A-43CF-87FC-66BD2F409C85}
		{8C2977C3-247E-4BAC-9420-0196B5541BA2} = {78802BF6-D4D6-4359-9628-1D0A732B2AB9}
		{4734D114-2465-4145-8A6A-D9B3EDBD1B0A} = {FFD1CAEA-333A-48D9-9727-CA8245278084}
		{9C82D8A6-C1C5-4114-AA4B-B89E4EFA07B9} = {FFD1CAEA-333A-48D9-9727-CA8245278084}
		{5E56F695-9CDE-4291-858E-1DD17F687E6E} = {FFD1CAEA-333A-48D9-9727-CA8245278084}
		{9479962F-A413-44F9-94CA-650721BC8398} = {FFD1CAEA-333A-48D9-9727-CA8245278084}
		{D681B1C3-F327-4726-A89A-71D9AC647E14} = {01EA5DF0-122F-4131-86EC-8320D7400F09}
		{DE509D1F-1D53-4368-992D-F42AE64177BC} = {01EA5DF0-122F-4131-86EC-8320D7400F09}
		{48E1B19E-4922-42F6-A98C-A3F6F66D6704} = {01EA5DF0-122F-4131-86EC-8320D7400F09}
		{3F7957A4-E5D4-401D-9D9E-77300E0D428B} = {01EA5DF0-122F-4131-86EC-8320D7400F09}
		{214A9212-DB6E-4AB6-9B3E-FFB79B1E9371} = {01EA5DF0-122F-4131-86EC-8320D7400F09}
		{7570A9FD-A34C-41B9-B3ED-B53A054D9D7C} = {01EA5DF0-122F-4131-86EC-8320D7400F09}
		{22FE8061-B3EC-4519-90BB-822162EBC251} = {FFD1CAEA-333A-48D9-9727-CA8245278084}
		{27912159-98C9-4496-9F91-04295045BB01} = {01EA5DF0-122F-4131-86EC-8320D7400F09}
		{ADC01950-48A3-4AB6-BF36-117CD524D539} = {FFD1CAEA-333A-48D9-9727-CA8245278084}
		{1F628372-AF93-4B3C-8E5A-9FB04F1CBF2F} = {95B381A6-9071-4954-AF56-EFF33D702A23}
		{BF03D6A2-F237-4CBA-B64C-A05B1939F99D} = {1F628372-AF93-4B3C-8E5A-9FB04F1CBF2F}
	EndGlobalSection
EndGlobal
